{
  "dependencies": {
    "@jridgewell/gen-mapping": {
      "dev": true,
      "integrity": "sha512-2kkt/7niJ6MgEPxF0bYdQ6etZaA+fQvDcLKckhy1yIQOzaoKjBBjSj63/aLVjYE3qhRt5dvM+uUyfCg6UKCBbA==",
      "requires": {
        "@jridgewell/sourcemap-codec": "^1.5.0",
        "@jridgewell/trace-mapping": "^0.3.24"
      },
      "resolved": "https://registry.npmjs.org/@jridgewell/gen-mapping/-/gen-mapping-0.3.13.tgz",
      "version": "0.3.13"
    },
    "@jridgewell/resolve-uri": {
      "dev": true,
      "integrity": "sha512-bRISgCIjP20/tbWSPWMEi54QVPRZExkuD9lJL+UIxUKtwVJA8wW1Trb1jMs1RFXo1CBTNZ/5hpC9QvmKWdopKw==",
      "resolved": "https://registry.npmjs.org/@jridgewell/resolve-uri/-/resolve-uri-3.1.2.tgz",
      "version": "3.1.2"
    },
    "@jridgewell/source-map": {
      "dev": true,
      "integrity": "sha512-ZMp1V8ZFcPG5dIWnQLr3NSI1MiCU7UETdS/A0G8V/XWHvJv3ZsFqutJn1Y5RPmAPX6F3BiE397OqveU/9NCuIA==",
      "requires": {
        "@jridgewell/gen-mapping": "^0.3.5",
        "@jridgewell/trace-mapping": "^0.3.25"
      },
      "resolved": "https://registry.npmjs.org/@jridgewell/source-map/-/source-map-0.3.11.tgz",
      "version": "0.3.11"
    },
    "@jridgewell/sourcemap-codec": {
      "dev": true,
      "integrity": "sha512-cYQ9310grqxueWbl+WuIUIaiUaDcj7WOq5fVhEljNVgRfOUhY9fy2zTvfoqWsnebh8Sl70VScFbICvJnLKB0Og==",
      "resolved": "https://registry.npmjs.org/@jridgewell/sourcemap-codec/-/sourcemap-codec-1.5.5.tgz",
      "version": "1.5.5"
    },
    "@jridgewell/trace-mapping": {
      "dev": true,
      "integrity": "sha512-zzNR+SdQSDJzc8joaeP8QQoCQr8NuYx2dIIytl1QeBEZHJ9uW6hebsrYgbz8hJwUQao3TWCMtmfV8Nu1twOLAw==",
      "requires": {
        "@jridgewell/resolve-uri": "^3.1.0",
        "@jridgewell/sourcemap-codec": "^1.4.14"
      },
      "resolved": "https://registry.npmjs.org/@jridgewell/trace-mapping/-/trace-mapping-0.3.31.tgz",
      "version": "0.3.31"
    },
    "@rollup/plugin-terser": {
      "dev": true,
      "integrity": "sha512-FnCxhTBx6bMOYQrar6C8h3scPt8/JwIzw3+AJ2K++6guogH5fYaIFia+zZuhqv0eo1RN7W1Pz630SyvLbDjhtQ==",
      "requires": {
        "serialize-javascript": "^7.0.3",
        "smob": "^1.0.0",
        "terser": "^5.17.4"
      },
      "resolved": "https://registry.npmjs.org/@rollup/plugin-terser/-/plugin-terser-1.0.0.tgz",
      "version": "1.0.0"
    },
    "acorn": {
      "dev": true,
      "integrity": "sha512-xRQbDb9BnwDafYNn6Vwl839DYVjqXYb1XVGtWAZ1kcDc6iwAL4hg3B1dZlRiuENFeO2H53gFG3in621AdERVAg==",
      "resolved": "https://registry.npmjs.org/acorn/-/acorn-8.17.0.tgz",
      "version": "8.17.0"
    },
    "buffer-from": {
      "dev": true,
      "integrity": "sha512-E+XQCRwSbaaiChtv6k6Dwgc+bx+Bs6vuKJHHl5kox/BaKbhiXzqQOwK4cO22yElGp2OCmjwVhT3HmxgyPGnJfQ==",
      "resolved": "https://registry.npmjs.org/buffer-from/-/buffer-from-1.1.2.tgz",
      "version": "1.1.2"
    },
    "commander": {
      "dev": true,
      "integrity": "sha512-GpVkmM8vF2vQUkj2LvZmD35JxeJOLCwJ9cUkugyk2nuhbv3+mJvpLYYt+0+USMxE+oj+ey/lJEnhZw75x/OMcQ==",
      "resolved": "https://registry.npmjs.org/commander/-/commander-2.20.3.tgz",
      "version": "2.20.3"
    },
    "fsevents": {
      "dev": true,
      "integrity": "sha512-5xoDfX+fL7faATnagmWPpbFtwh/R77WmMMqqHGS65C3vvB0YHrgF+B1YmZ3441tMj5n63k0212XNoJwzlhffQw==",
      "optional": true,
      "resolved": "https://registry.npmjs.org/fsevents/-/fsevents-2.3.3.tgz",
      "version": "2.3.3"
    },
    "rollup": {
      "dev": true,
      "integrity": "sha512-kQvGasUgN+AlWGliFn2POSajRQEsULVYFGTvOZmK06d7vCD+YhZztt70kGk3qaeAXeWYL5eO7zx+rAubBc55eA==",
      "requires": {
        "fsevents": "~2.3.2"
      },
      "resolved": "https://registry.npmjs.org/rollup/-/rollup-3.30.0.tgz",
      "version": "3.30.0"
    },
    "serialize-javascript": {
      "dev": true,
      "integrity": "sha512-ATTK5Q4gFVg0YDp1my2vqygyvhcklD/UV5GIlYHooGTn/NogJqIzpetkD6E5kmuVULqz/S9inUL25XcAgDRJQg==",
      "resolved": "https://registry.npmjs.org/serialize-javascript/-/serialize-javascript-7.0.6.tgz",
      "version": "7.0.6"
    },
    "smob": {
      "dev": true,
      "integrity": "sha512-RQsvleCbF8cVHEv+xuDGaA4pOizFqJ0GgjtMSRo6oP8pnN7WsigHgVGey6aILRBKv4W2YOMHLqbKdnB6hpB9fw==",
      "resolved": "https://registry.npmjs.org/smob/-/smob-1.6.2.tgz",
      "version": "1.6.2"
    },
    "source-map": {
      "dev": true,
      "integrity": "sha512-UjgapumWlbMhkBgzT7Ykc5YXUT46F0iKu8SGXq0bcwP5dz/h0Plj6enJqjz1Zbq2l5WaqYnrVbwWOWMyF3F47g==",
      "resolved": "https://registry.npmjs.org/source-map/-/source-map-0.6.1.tgz",
      "version": "0.6.1"
    },
    "source-map-support": {
      "dev": true,
      "integrity": "sha512-uBHU3L3czsIyYXKX88fdrGovxdSCoTGDRZ6SYXtSRxLZUzHg5P/66Ht6uoUlHu9EZod+inXhKo3qQgwXUT/y1w==",
      "requires": {
        "buffer-from": "^1.0.0",
        "source-map": "^0.6.0"
      },
      "resolved": "https://registry.npmjs.org/source-map-support/-/source-map-support-0.5.21.tgz",
      "version": "0.5.21"
    },
    "terser": {
      "dev": true,
      "integrity": "sha512-J/9An6vs9Us6wKRriSFXBWdRZapREHqFzdNUKk0pmu804EMR6dr6winwo7e5JDxN4xahxQsuysyYFwlwj4XN/Q==",
      "requires": {
        "@jridgewell/source-map": "^0.3.3",
        "acorn": "^8.15.0",
        "commander": "^2.20.0",
        "source-map-support": "~0.5.20"
      },
      "resolved": "https://registry.npmjs.org/terser/-/terser-5.48.0.tgz",
      "version": "5.48.0"
    }
  },
  "lockfileVersion": 2,
  "name": "weekly-schedule-card",
  "packages": {
    "": {
      "devDependencies": {
        "@rollup/plugin-terser": "^1.0.0",
        "rollup": "^3.0.0"
      },
      "name": "weekly-schedule-card",
      "version": "1.5.2"
    },
    "node_modules/@jridgewell/gen-mapping": {
      "dependencies": {
        "@jridgewell/sourcemap-codec": "^1.5.0",
        "@jridgewell/trace-mapping": "^0.3.24"
      },
      "dev": true,
      "integrity": "sha512-2kkt/7niJ6MgEPxF0bYdQ6etZaA+fQvDcLKckhy1yIQOzaoKjBBjSj63/aLVjYE3qhRt5dvM+uUyfCg6UKCBbA==",
      "license": "MIT",
      "resolved": "https://registry.npmjs.org/@jridgewell/gen-mapping/-/gen-mapping-0.3.13.tgz",
      "version": "0.3.13"
    },
    "node_modules/@jridgewell/resolve-uri": {
      "dev": true,
      "engines": {
        "node": ">=6.0.0"
      },
      "integrity": "sha512-bRISgCIjP20/tbWSPWMEi54QVPRZExkuD9lJL+UIxUKtwVJA8wW1Trb1jMs1RFXo1CBTNZ/5hpC9QvmKWdopKw==",
      "license": "MIT",
      "resolved": "https://registry.npmjs.org/@jridgewell/resolve-uri/-/resolve-uri-3.1.2.tgz",
      "version": "3.1.2"
    },
    "node_modules/@jridgewell/source-map": {
      "dependencies": {
        "@jridgewell/gen-mapping": "^0.3.5",
        "@jridgewell/trace-mapping": "^0.3.25"
      },
      "dev": true,
      "integrity": "sha512-ZMp1V8ZFcPG5dIWnQLr3NSI1MiCU7UETdS/A0G8V/XWHvJv3ZsFqutJn1Y5RPmAPX6F3BiE397OqveU/9NCuIA==",
      "license": "MIT",
      "resolved": "https://registry.npmjs.org/@jridgewell/source-map/-/source-map-0.3.11.tgz",
      "version": "0.3.11"
    },
    "node_modules/@jridgewell/sourcemap-codec": {
      "dev": true,
      "integrity": "sha512-cYQ9310grqxueWbl+WuIUIaiUaDcj7WOq5fVhEljNVgRfOUhY9fy2zTvfoqWsnebh8Sl70VScFbICvJnLKB0Og==",
      "license": "MIT",
      "resolved": "https://registry.npmjs.org/@jridgewell/sourcemap-codec/-/sourcemap-codec-1.5.5.tgz",
      "version": "1.5.5"
    },
    "node_modules/@jridgewell/trace-mapping": {
      "dependencies": {
        "@jridgewell/resolve-uri": "^3.1.0",
        "@jridgewell/sourcemap-codec": "^1.4.14"
      },
      "dev": true,
      "integrity": "sha512-zzNR+SdQSDJzc8joaeP8QQoCQr8NuYx2dIIytl1QeBEZHJ9uW6hebsrYgbz8hJwUQao3TWCMtmfV8Nu1twOLAw==",
      "license": "MIT",
      "resolved": "https://registry.npmjs.org/@jridgewell/trace-mapping/-/trace-mapping-0.3.31.tgz",
      "version": "0.3.31"
    },
    "node_modules/@rollup/plugin-terser": {
      "dependencies": {
        "serialize-javascript": "^7.0.3",
        "smob": "^1.0.0",
        "terser": "^5.17.4"
      },
      "dev": true,
      "engines": {
        "node": ">=20.0.0"
      },
      "integrity": "sha512-FnCxhTBx6bMOYQrar6C8h3scPt8/JwIzw3+AJ2K++6guogH5fYaIFia+zZuhqv0eo1RN7W1Pz630SyvLbDjhtQ==",
      "license": "MIT",
      "peerDependencies": {
        "rollup": "^2.0.0||^3.0.0||^4.0.0"
      },
      "peerDependenciesMeta": {
        "rollup": {
          "optional": true
        }
      },
      "resolved": "https://registry.npmjs.org/@rollup/plugin-terser/-/plugin-terser-1.0.0.tgz",
      "version": "1.0.0"
    },
    "node_modules/acorn": {
      "bin": {
        "acorn": "bin/acorn"
      },
      "dev": true,
      "engines": {
        "node": ">=0.4.0"
      },
      "integrity": "sha512-xRQbDb9BnwDafYNn6Vwl839DYVjqXYb1XVGtWAZ1kcDc6iwAL4hg3B1dZlRiuENFeO2H53gFG3in621AdERVAg==",
      "license": "MIT",
      "resolved": "https://registry.npmjs.org/acorn/-/acorn-8.17.0.tgz",
      "version": "8.17.0"
    },
    "node_modules/buffer-from": {
      "dev": true,
      "integrity": "sha512-E+XQCRwSbaaiChtv6k6Dwgc+bx+Bs6vuKJHHl5kox/BaKbhiXzqQOwK4cO22yElGp2OCmjwVhT3HmxgyPGnJfQ==",
      "license": "MIT",
      "resolved": "https://registry.npmjs.org/buffer-from/-/buffer-from-1.1.2.tgz",
      "version": "1.1.2"
    },
    "node_modules/commander": {
      "dev": true,
      "integrity": "sha512-GpVkmM8vF2vQUkj2LvZmD35JxeJOLCwJ9cUkugyk2nuhbv3+mJvpLYYt+0+USMxE+oj+ey/lJEnhZw75x/OMcQ==",
      "license": "MIT",
      "resolved": "https://registry.npmjs.org/commander/-/commander-2.20.3.tgz",
      "version": "2.20.3"
    },
    "node_modules/fsevents": {
      "dev": true,
      "engines": {
        "node": "^8.16.0 || ^10.6.0 || >=11.0.0"
      },
      "hasInstallScript": true,
      "integrity": "sha512-5xoDfX+fL7faATnagmWPpbFtwh/R77WmMMqqHGS65C3vvB0YHrgF+B1YmZ3441tMj5n63k0212XNoJwzlhffQw==",
      "optional": true,
      "os": [
        "darwin"
      ],
      "resolved": "https://registry.npmjs.org/fsevents/-/fsevents-2.3.3.tgz",
      "version": "2.3.3"
    },
    "node_modules/rollup": {
      "bin": {
        "rollup": "dist/bin/rollup"
      },
      "dev": true,
      "engines": {
        "node": ">=14.18.0",
        "npm": ">=8.0.0"
      },
      "integrity": "sha512-kQvGasUgN+AlWGliFn2POSajRQEsULVYFGTvOZmK06d7vCD+YhZztt70kGk3qaeAXeWYL5eO7zx+rAubBc55eA==",
      "optionalDependencies": {
        "fsevents": "~2.3.2"
      },
      "resolved": "https://registry.npmjs.org/rollup/-/rollup-3.30.0.tgz",
      "version": "3.30.0"
    },
    "node_modules/serialize-javascript": {
      "dev": true,
      "engines": {
        "node": ">=20.0.0"
      },
      "integrity": "sha512-ATTK5Q4gFVg0YDp1my2vqygyvhcklD/UV5GIlYHooGTn/NogJqIzpetkD6E5kmuVULqz/S9inUL25XcAgDRJQg==",
      "license": "BSD-3-Clause",
      "resolved": "https://registry.npmjs.org/serialize-javascript/-/serialize-javascript-7.0.6.tgz",
      "version": "7.0.6"
    },
    "node_modules/smob": {
      "dev": true,
      "engines": {
        "node": ">=20.0.0"
      },
      "integrity": "sha512-RQsvleCbF8cVHEv+xuDGaA4pOizFqJ0GgjtMSRo6oP8pnN7WsigHgVGey6aILRBKv4W2YOMHLqbKdnB6hpB9fw==",
      "license": "MIT",
      "resolved": "https://registry.npmjs.org/smob/-/smob-1.6.2.tgz",
      "version": "1.6.2"
    },
    "node_modules/source-map": {
      "dev": true,
      "engines": {
        "node": ">=0.10.0"
      },
      "integrity": "sha512-UjgapumWlbMhkBgzT7Ykc5YXUT46F0iKu8SGXq0bcwP5dz/h0Plj6enJqjz1Zbq2l5WaqYnrVbwWOWMyF3F47g==",
      "license": "BSD-3-Clause",
      "resolved": "https://registry.npmjs.org/source-map/-/source-map-0.6.1.tgz",
      "version": "0.6.1"
    },
    "node_modules/source-map-support": {
      "dependencies": {
        "buffer-from": "^1.0.0",
        "source-map": "^0.6.0"
      },
      "dev": true,
      "integrity": "sha512-uBHU3L3czsIyYXKX88fdrGovxdSCoTGDRZ6SYXtSRxLZUzHg5P/66Ht6uoUlHu9EZod+inXhKo3qQgwXUT/y1w==",
      "license": "MIT",
      "resolved": "https://registry.npmjs.org/source-map-support/-/source-map-support-0.5.21.tgz",
      "version": "0.5.21"
    },
    "node_modules/terser": {
      "bin": {
        "terser": "bin/terser"
      },
      "dependencies": {
        "@jridgewell/source-map": "^0.3.3",
        "acorn": "^8.15.0",
        "commander": "^2.20.0",
        "source-map-support": "~0.5.20"
      },
      "dev": true,
      "engines": {
        "node": ">=10"
      },
      "integrity": "sha512-J/9An6vs9Us6wKRriSFXBWdRZapREHqFzdNUKk0pmu804EMR6dr6winwo7e5JDxN4xahxQsuysyYFwlwj4XN/Q==",
      "license": "BSD-2-Clause",
      "resolved": "https://registry.npmjs.org/terser/-/terser-5.48.0.tgz",
      "version": "5.48.0"
    }
  },
  "requires": true,
  "version": "1.5.2"
}
